
Microsoft Visual Studio Solution File, Format Version 12.00
# Visual Studio Version 17
VisualStudioVersion = 17.14.36203.30 d17.14
MinimumVisualStudioVersion = 10.0.40219.1
Project("{FAE04EC0-301F-11D3-BF4B-00C04F79EFBC}") = "HandsOnRecords", "HandsOnRecords.csproj", "{6EE3DD5C-EFC5-42BB-90A7-0AAF7110BEA8}"
EndProject
Global
	GlobalSection(SolutionConfigurationPlatforms) = preSolution
		Debug|Any CPU = Debug|Any CPU
		Release|Any CPU = Release|Any CPU
	EndGlobalSection
	GlobalSection(ProjectConfigurationPlatforms) = postSolution
		{6EE3DD5C-EFC5-42BB-90A7-0AAF7110BEA8}.Debug|Any CPU.ActiveCfg = Debug|Any CPU
		{6EE3DD5C-EFC5-42BB-90A7-0AAF7110BEA8}.Debug|Any CPU.Build.0 = Debug|Any CPU
		{6EE3DD5C-EFC5-42BB-90A7-0AAF7110BEA8}.Release|Any CPU.ActiveCfg = Release|Any CPU
		{6EE3DD5C-EFC5-42BB-90A7-0AAF7110BEA8}.Release|Any CPU.Build.0 = Release|Any CPU
	EndGlobalSection
	GlobalSection(SolutionProperties) = preSolution
		HideSolutionNode = FALSE
	EndGlobalSection
	GlobalSection(ExtensibilityGlobals) = postSolution
		SolutionGuid = {4A850A3F-9FE6-49F4-95CC-B00CBBAA1EAC}
	EndGlobalSection
EndGlobal
