
Microsoft Visual Studio Solution File, Format Version 12.00
# Visual Studio Version 17
VisualStudioVersion = 17.14.36212.18 d17.14
MinimumVisualStudioVersion = 10.0.40219.1
Project("{FAE04EC0-301F-11D3-BF4B-00C04F79EFBC}") = "HandsOnAsyncAwait", "HandsOnAsyncAwait.csproj", "{53B15C00-14A9-432F-8E73-4D05AB212367}"
EndProject
Global
	GlobalSection(SolutionConfigurationPlatforms) = preSolution
		Debug|Any CPU = Debug|Any CPU
		Release|Any CPU = Release|Any CPU
	EndGlobalSection
	GlobalSection(ProjectConfigurationPlatforms) = postSolution
		{53B15C00-14A9-432F-8E73-4D05AB212367}.Debug|Any CPU.ActiveCfg = Debug|Any CPU
		{53B15C00-14A9-432F-8E73-4D05AB212367}.Debug|Any CPU.Build.0 = Debug|Any CPU
		{53B15C00-14A9-432F-8E73-4D05AB212367}.Release|Any CPU.ActiveCfg = Release|Any CPU
		{53B15C00-14A9-432F-8E73-4D05AB212367}.Release|Any CPU.Build.0 = Release|Any CPU
	EndGlobalSection
	GlobalSection(SolutionProperties) = preSolution
		HideSolutionNode = FALSE
	EndGlobalSection
	GlobalSection(ExtensibilityGlobals) = postSolution
		SolutionGuid = {5B01E743-8429-4042-9F96-E83472C6A961}
	EndGlobalSection
EndGlobal
