
Microsoft Visual Studio Solution File, Format Version 12.00
# Visual Studio Version 17
VisualStudioVersion = 17.9.34902.65
MinimumVisualStudioVersion = 10.0.40219.1
Project("{FAE04EC0-301F-11D3-BF4B-00C04F79EFBC}") = "HandsOnSOLIDPrinciples", "HandsOnSOLIDPrinciples.csproj", "{B00DD601-99E9-4843-BC98-43D6A58DEF5D}"
EndProject
Global
	GlobalSection(SolutionConfigurationPlatforms) = preSolution
		Debug|Any CPU = Debug|Any CPU
		Release|Any CPU = Release|Any CPU
	EndGlobalSection
	GlobalSection(ProjectConfigurationPlatforms) = postSolution
		{B00DD601-99E9-4843-BC98-43D6A58DEF5D}.Debug|Any CPU.ActiveCfg = Debug|Any CPU
		{B00DD601-99E9-4843-BC98-43D6A58DEF5D}.Debug|Any CPU.Build.0 = Debug|Any CPU
		{B00DD601-99E9-4843-BC98-43D6A58DEF5D}.Release|Any CPU.ActiveCfg = Release|Any CPU
		{B00DD601-99E9-4843-BC98-43D6A58DEF5D}.Release|Any CPU.Build.0 = Release|Any CPU
	EndGlobalSection
	GlobalSection(SolutionProperties) = preSolution
		HideSolutionNode = FALSE
	EndGlobalSection
	GlobalSection(ExtensibilityGlobals) = postSolution
		SolutionGuid = {21688F61-F68F-46AD-AA79-6590FB277A7F}
	EndGlobalSection
EndGlobal
