
Microsoft Visual Studio Solution File, Format Version 12.00
# Visual Studio Version 17
VisualStudioVersion = 17.14.36127.28 d17.14
MinimumVisualStudioVersion = 10.0.40219.1
Project("{FAE04EC0-301F-11D3-BF4B-00C04F79EFBC}") = "HandsOnCondtionalAndIterativeStatements", "HandsOnCondtionalAndIterativeStatements.csproj", "{F9326170-E959-4D1A-95C6-ED70DE1C140A}"
EndProject
Global
	GlobalSection(SolutionConfigurationPlatforms) = preSolution
		Debug|Any CPU = Debug|Any CPU
		Release|Any CPU = Release|Any CPU
	EndGlobalSection
	GlobalSection(ProjectConfigurationPlatforms) = postSolution
		{F9326170-E959-4D1A-95C6-ED70DE1C140A}.Debug|Any CPU.ActiveCfg = Debug|Any CPU
		{F9326170-E959-4D1A-95C6-ED70DE1C140A}.Debug|Any CPU.Build.0 = Debug|Any CPU
		{F9326170-E959-4D1A-95C6-ED70DE1C140A}.Release|Any CPU.ActiveCfg = Release|Any CPU
		{F9326170-E959-4D1A-95C6-ED70DE1C140A}.Release|Any CPU.Build.0 = Release|Any CPU
	EndGlobalSection
	GlobalSection(SolutionProperties) = preSolution
		HideSolutionNode = FALSE
	EndGlobalSection
	GlobalSection(ExtensibilityGlobals) = postSolution
		SolutionGuid = {CFC7B134-984D-426A-B539-E07CF4467A35}
	EndGlobalSection
EndGlobal
