
Microsoft Visual Studio Solution File, Format Version 12.00
# Visual Studio Version 18
VisualStudioVersion = 18.4.11605.240 stable
MinimumVisualStudioVersion = 10.0.40219.1
Project("{FAE04EC0-301F-11D3-BF4B-00C04F79EFBC}") = "HandsOnInheritance-Demo2", "HandsOnInheritance-Demo2.csproj", "{49D414CF-46EF-2501-DE74-D00EA8FDFA1B}"
EndProject
Global
	GlobalSection(SolutionConfigurationPlatforms) = preSolution
		Debug|Any CPU = Debug|Any CPU
		Release|Any CPU = Release|Any CPU
	EndGlobalSection
	GlobalSection(ProjectConfigurationPlatforms) = postSolution
		{49D414CF-46EF-2501-DE74-D00EA8FDFA1B}.Debug|Any CPU.ActiveCfg = Debug|Any CPU
		{49D414CF-46EF-2501-DE74-D00EA8FDFA1B}.Debug|Any CPU.Build.0 = Debug|Any CPU
		{49D414CF-46EF-2501-DE74-D00EA8FDFA1B}.Release|Any CPU.ActiveCfg = Release|Any CPU
		{49D414CF-46EF-2501-DE74-D00EA8FDFA1B}.Release|Any CPU.Build.0 = Release|Any CPU
	EndGlobalSection
	GlobalSection(SolutionProperties) = preSolution
		HideSolutionNode = FALSE
	EndGlobalSection
	GlobalSection(ExtensibilityGlobals) = postSolution
		SolutionGuid = {44DD32A3-A0FB-4274-849E-DCFF02655B34}
	EndGlobalSection
EndGlobal
